
Microsoft Visual Studio Solution File, Format Version 11.00
# Visual Studio 2010
Project("{F184B08F-C81C-45F6-A57F-5ABD9991F28F}") = "Character Processor", "Character Processor\Character Processor.vbproj", "{6252B19E-2CD1-48D6-AA21-81EEA9B70BCA}"
EndProject
Global
	GlobalSection(SolutionConfigurationPlatforms) = preSolution
		Debug|x86 = Debug|x86
		Release|x86 = Release|x86
	EndGlobalSection
	GlobalSection(ProjectConfigurationPlatforms) = postSolution
		{6252B19E-2CD1-48D6-AA21-81EEA9B70BCA}.Debug|x86.ActiveCfg = Debug|x86
		{6252B19E-2CD1-48D6-AA21-81EEA9B70BCA}.Debug|x86.Build.0 = Debug|x86
		{6252B19E-2CD1-48D6-AA21-81EEA9B70BCA}.Release|x86.ActiveCfg = Release|x86
		{6252B19E-2CD1-48D6-AA21-81EEA9B70BCA}.Release|x86.Build.0 = Release|x86
	EndGlobalSection
	GlobalSection(SolutionProperties) = preSolution
		HideSolutionNode = FALSE
	EndGlobalSection
EndGlobal
